
Microsoft Visual Studio Solution File, Format Version 12.00
# Visual Studio Version 17
VisualStudioVersion = 17.0.31903.59
MinimumVisualStudioVersion = 10.0.40219.1
Project("{2150E333-8FDC-42A3-9474-1A3956D46DE8}") = "src", "src", "{827E0CD3-B72D-47B6-A68D-7590B98EB39B}"
EndProject
Project("{FAE04EC0-301F-11D3-BF4B-00C04F79EFBC}") = "GoodHamburger.Domain", "src\GoodHamburger.Domain\GoodHamburger.Domain.csproj", "{3D6EE9B8-B741-4FBE-9E9A-4AECAB427548}"
EndProject
Project("{FAE04EC0-301F-11D3-BF4B-00C04F79EFBC}") = "GoodHamburger.Application", "src\GoodHamburger.Application\GoodHamburger.Application.csproj", "{89F2FB6A-A63F-429C-88B0-E3BE629407AA}"
EndProject
Project("{FAE04EC0-301F-11D3-BF4B-00C04F79EFBC}") = "GoodHamburger.Infrastructure", "src\GoodHamburger.Infrastructure\GoodHamburger.Infrastructure.csproj", "{ECCCE3F5-25B4-48D9-ABD5-2418608CF6DA}"
EndProject
Project("{FAE04EC0-301F-11D3-BF4B-00C04F79EFBC}") = "GoodHamburger.API", "src\GoodHamburger.API\GoodHamburger.API.csproj", "{62912046-D290-4928-BD40-31E86677B847}"
EndProject
Project("{2150E333-8FDC-42A3-9474-1A3956D46DE8}") = "tests", "tests", "{0AB3BF05-4346-4AA6-1389-037BE0695223}"
EndProject
Project("{FAE04EC0-301F-11D3-BF4B-00C04F79EFBC}") = "GoodHamburger.Tests", "tests\GoodHamburger.Tests\GoodHamburger.Tests.csproj", "{51774A8B-1C28-4859-A3C4-5C51C6923523}"
EndProject
Global
	GlobalSection(SolutionConfigurationPlatforms) = preSolution
		Debug|Any CPU = Debug|Any CPU
		Debug|x64 = Debug|x64
		Debug|x86 = Debug|x86
		Release|Any CPU = Release|Any CPU
		Release|x64 = Release|x64
		Release|x86 = Release|x86
	EndGlobalSection
	GlobalSection(ProjectConfigurationPlatforms) = postSolution
		{3D6EE9B8-B741-4FBE-9E9A-4AECAB427548}.Debug|Any CPU.ActiveCfg = Debug|Any CPU
		{3D6EE9B8-B741-4FBE-9E9A-4AECAB427548}.Debug|Any CPU.Build.0 = Debug|Any CPU
		{3D6EE9B8-B741-4FBE-9E9A-4AECAB427548}.Debug|x64.ActiveCfg = Debug|Any CPU
		{3D6EE9B8-B741-4FBE-9E9A-4AECAB427548}.Debug|x64.Build.0 = Debug|Any CPU
		{3D6EE9B8-B741-4FBE-9E9A-4AECAB427548}.Debug|x86.ActiveCfg = Debug|Any CPU
		{3D6EE9B8-B741-4FBE-9E9A-4AECAB427548}.Debug|x86.Build.0 = Debug|Any CPU
		{3D6EE9B8-B741-4FBE-9E9A-4AECAB427548}.Release|Any CPU.ActiveCfg = Release|Any CPU
		{3D6EE9B8-B741-4FBE-9E9A-4AECAB427548}.Release|Any CPU.Build.0 = Release|Any CPU
		{3D6EE9B8-B741-4FBE-9E9A-4AECAB427548}.Release|x64.ActiveCfg = Release|Any CPU
		{3D6EE9B8-B741-4FBE-9E9A-4AECAB427548}.Release|x64.Build.0 = Release|Any CPU
		{3D6EE9B8-B741-4FBE-9E9A-4AECAB427548}.Release|x86.ActiveCfg = Release|Any CPU
		{3D6EE9B8-B741-4FBE-9E9A-4AECAB427548}.Release|x86.Build.0 = Release|Any CPU
		{89F2FB6A-A63F-429C-88B0-E3BE629407AA}.Debug|Any CPU.ActiveCfg = Debug|Any CPU
		{89F2FB6A-A63F-429C-88B0-E3BE629407AA}.Debug|Any CPU.Build.0 = Debug|Any CPU
		{89F2FB6A-A63F-429C-88B0-E3BE629407AA}.Debug|x64.ActiveCfg = Debug|Any CPU
		{89F2FB6A-A63F-429C-88B0-E3BE629407AA}.Debug|x64.Build.0 = Debug|Any CPU
		{89F2FB6A-A63F-429C-88B0-E3BE629407AA}.Debug|x86.ActiveCfg = Debug|Any CPU
		{89F2FB6A-A63F-429C-88B0-E3BE629407AA}.Debug|x86.Build.0 = Debug|Any CPU
		{89F2FB6A-A63F-429C-88B0-E3BE629407AA}.Release|Any CPU.ActiveCfg = Release|Any CPU
		{89F2FB6A-A63F-429C-88B0-E3BE629407AA}.Release|Any CPU.Build.0 = Release|Any CPU
		{89F2FB6A-A63F-429C-88B0-E3BE629407AA}.Release|x64.ActiveCfg = Release|Any CPU
		{89F2FB6A-A63F-429C-88B0-E3BE629407AA}.Release|x64.Build.0 = Release|Any CPU
		{89F2FB6A-A63F-429C-88B0-E3BE629407AA}.Release|x86.ActiveCfg = Release|Any CPU
		{89F2FB6A-A63F-429C-88B0-E3BE629407AA}.Release|x86.Build.0 = Release|Any CPU
		{ECCCE3F5-25B4-48D9-ABD5-2418608CF6DA}.Debug|Any CPU.ActiveCfg = Debug|Any CPU
		{ECCCE3F5-25B4-48D9-ABD5-2418608CF6DA}.Debug|Any CPU.Build.0 = Debug|Any CPU
		{ECCCE3F5-25B4-48D9-ABD5-2418608CF6DA}.Debug|x64.ActiveCfg = Debug|Any CPU
		{ECCCE3F5-25B4-48D9-ABD5-2418608CF6DA}.Debug|x64.Build.0 = Debug|Any CPU
		{ECCCE3F5-25B4-48D9-ABD5-2418608CF6DA}.Debug|x86.ActiveCfg = Debug|Any CPU
		{ECCCE3F5-25B4-48D9-ABD5-2418608CF6DA}.Debug|x86.Build.0 = Debug|Any CPU
		{ECCCE3F5-25B4-48D9-ABD5-2418608CF6DA}.Release|Any CPU.ActiveCfg = Release|Any CPU
		{ECCCE3F5-25B4-48D9-ABD5-2418608CF6DA}.Release|Any CPU.Build.0 = Release|Any CPU
		{ECCCE3F5-25B4-48D9-ABD5-2418608CF6DA}.Release|x64.ActiveCfg = Release|Any CPU
		{ECCCE3F5-25B4-48D9-ABD5-2418608CF6DA}.Release|x64.Build.0 = Release|Any CPU
		{ECCCE3F5-25B4-48D9-ABD5-2418608CF6DA}.Release|x86.ActiveCfg = Release|Any CPU
		{ECCCE3F5-25B4-48D9-ABD5-2418608CF6DA}.Release|x86.Build.0 = Release|Any CPU
		{62912046-D290-4928-BD40-31E86677B847}.Debug|Any CPU.ActiveCfg = Debug|Any CPU
		{62912046-D290-4928-BD40-31E86677B847}.Debug|Any CPU.Build.0 = Debug|Any CPU
		{62912046-D290-4928-BD40-31E86677B847}.Debug|x64.ActiveCfg = Debug|Any CPU
		{62912046-D290-4928-BD40-31E86677B847}.Debug|x64.Build.0 = Debug|Any CPU
		{62912046-D290-4928-BD40-31E86677B847}.Debug|x86.ActiveCfg = Debug|Any CPU
		{62912046-D290-4928-BD40-31E86677B847}.Debug|x86.Build.0 = Debug|Any CPU
		{62912046-D290-4928-BD40-31E86677B847}.Release|Any CPU.ActiveCfg = Release|Any CPU
		{62912046-D290-4928-BD40-31E86677B847}.Release|Any CPU.Build.0 = Release|Any CPU
		{62912046-D290-4928-BD40-31E86677B847}.Release|x64.ActiveCfg = Release|Any CPU
		{62912046-D290-4928-BD40-31E86677B847}.Release|x64.Build.0 = Release|Any CPU
		{62912046-D290-4928-BD40-31E86677B847}.Release|x86.ActiveCfg = Release|Any CPU
		{62912046-D290-4928-BD40-31E86677B847}.Release|x86.Build.0 = Release|Any CPU
		{51774A8B-1C28-4859-A3C4-5C51C6923523}.Debug|Any CPU.ActiveCfg = Debug|Any CPU
		{51774A8B-1C28-4859-A3C4-5C51C6923523}.Debug|Any CPU.Build.0 = Debug|Any CPU
		{51774A8B-1C28-4859-A3C4-5C51C6923523}.Debug|x64.ActiveCfg = Debug|Any CPU
		{51774A8B-1C28-4859-A3C4-5C51C6923523}.Debug|x64.Build.0 = Debug|Any CPU
		{51774A8B-1C28-4859-A3C4-5C51C6923523}.Debug|x86.ActiveCfg = Debug|Any CPU
		{51774A8B-1C28-4859-A3C4-5C51C6923523}.Debug|x86.Build.0 = Debug|Any CPU
		{51774A8B-1C28-4859-A3C4-5C51C6923523}.Release|Any CPU.ActiveCfg = Release|Any CPU
		{51774A8B-1C28-4859-A3C4-5C51C6923523}.Release|Any CPU.Build.0 = Release|Any CPU
		{51774A8B-1C28-4859-A3C4-5C51C6923523}.Release|x64.ActiveCfg = Release|Any CPU
		{51774A8B-1C28-4859-A3C4-5C51C6923523}.Release|x64.Build.0 = Release|Any CPU
		{51774A8B-1C28-4859-A3C4-5C51C6923523}.Release|x86.ActiveCfg = Release|Any CPU
		{51774A8B-1C28-4859-A3C4-5C51C6923523}.Release|x86.Build.0 = Release|Any CPU
	EndGlobalSection
	GlobalSection(SolutionProperties) = preSolution
		HideSolutionNode = FALSE
	EndGlobalSection
	GlobalSection(NestedProjects) = preSolution
		{3D6EE9B8-B741-4FBE-9E9A-4AECAB427548} = {827E0CD3-B72D-47B6-A68D-7590B98EB39B}
		{89F2FB6A-A63F-429C-88B0-E3BE629407AA} = {827E0CD3-B72D-47B6-A68D-7590B98EB39B}
		{ECCCE3F5-25B4-48D9-ABD5-2418608CF6DA} = {827E0CD3-B72D-47B6-A68D-7590B98EB39B}
		{62912046-D290-4928-BD40-31E86677B847} = {827E0CD3-B72D-47B6-A68D-7590B98EB39B}
		{51774A8B-1C28-4859-A3C4-5C51C6923523} = {0AB3BF05-4346-4AA6-1389-037BE0695223}
	EndGlobalSection
EndGlobal
